
Microsoft Visual Studio Solution File, Format Version 12.00
# Visual Studio Version 16
VisualStudioVersion = 16.0.29613.14
MinimumVisualStudioVersion = 10.0.40219.1
Project("{FAE04EC0-301F-11D3-BF4B-00C04F79EFBC}") = "OOP_lab01", "OOP_lab01\OOP_lab01.csproj", "{4B05DF73-B624-4B01-9E82-8A227E87C164}"
EndProject
Global
	GlobalSection(SolutionConfigurationPlatforms) = preSolution
		Debug|Any CPU = Debug|Any CPU
		Release|Any CPU = Release|Any CPU
	EndGlobalSection
	GlobalSection(ProjectConfigurationPlatforms) = postSolution
		{4B05DF73-B624-4B01-9E82-8A227E87C164}.Debug|Any CPU.ActiveCfg = Debug|Any CPU
		{4B05DF73-B624-4B01-9E82-8A227E87C164}.Debug|Any CPU.Build.0 = Debug|Any CPU
		{4B05DF73-B624-4B01-9E82-8A227E87C164}.Release|Any CPU.ActiveCfg = Release|Any CPU
		{4B05DF73-B624-4B01-9E82-8A227E87C164}.Release|Any CPU.Build.0 = Release|Any CPU
	EndGlobalSection
	GlobalSection(SolutionProperties) = preSolution
		HideSolutionNode = FALSE
	EndGlobalSection
	GlobalSection(ExtensibilityGlobals) = postSolution
		SolutionGuid = {81527880-1959-41C1-9B34-B80FA57B4682}
	EndGlobalSection
EndGlobal
